
Microsoft Visual Studio Solution File, Format Version 12.00
# Visual Studio Version 17
VisualStudioVersion = 17.8.34525.116
MinimumVisualStudioVersion = 10.0.40219.1
Project("{9A19103F-16F7-4668-BE54-9A1E7A4F7556}") = "Ocean.Core.BrowserDetective", "Ocean.Core.BrowserDetective\Ocean.Core.BrowserDetective.csproj", "{9E75E768-AFF5-4F31-8124-67DE1502363D}"
EndProject
Project("{9A19103F-16F7-4668-BE54-9A1E7A4F7556}") = "Ocean.Core.BrowserDetective.Console", "Ocean.Core.BrowserDetective.Console\Ocean.Core.BrowserDetective.Console.csproj", "{CA5CD4A1-9A35-4323-8F7B-63200C074376}"
EndProject
Project("{9A19103F-16F7-4668-BE54-9A1E7A4F7556}") = "Ocean.Core.BrowserDetective.Web", "Ocean.Core.BrowserDetective.Web\Ocean.Core.BrowserDetective.Web.csproj", "{C8F72F56-95D8-46EF-B189-3618D9E23187}"
EndProject
Project("{9A19103F-16F7-4668-BE54-9A1E7A4F7556}") = "Ocean.Core.BrowserDetective.UnitTests", "Ocean.Core.BrowserDetective.UnitTests\Ocean.Core.BrowserDetective.UnitTests.csproj", "{C28F654E-C140-4F89-A1D7-7D4B78BA410D}"
EndProject
Global
	GlobalSection(SolutionConfigurationPlatforms) = preSolution
		Debug|Any CPU = Debug|Any CPU
		Release|Any CPU = Release|Any CPU
	EndGlobalSection
	GlobalSection(ProjectConfigurationPlatforms) = postSolution
		{9E75E768-AFF5-4F31-8124-67DE1502363D}.Debug|Any CPU.ActiveCfg = Debug|Any CPU
		{9E75E768-AFF5-4F31-8124-67DE1502363D}.Debug|Any CPU.Build.0 = Debug|Any CPU
		{9E75E768-AFF5-4F31-8124-67DE1502363D}.Release|Any CPU.ActiveCfg = Release|Any CPU
		{9E75E768-AFF5-4F31-8124-67DE1502363D}.Release|Any CPU.Build.0 = Release|Any CPU
		{CA5CD4A1-9A35-4323-8F7B-63200C074376}.Debug|Any CPU.ActiveCfg = Debug|Any CPU
		{CA5CD4A1-9A35-4323-8F7B-63200C074376}.Debug|Any CPU.Build.0 = Debug|Any CPU
		{CA5CD4A1-9A35-4323-8F7B-63200C074376}.Release|Any CPU.ActiveCfg = Release|Any CPU
		{CA5CD4A1-9A35-4323-8F7B-63200C074376}.Release|Any CPU.Build.0 = Release|Any CPU
		{C8F72F56-95D8-46EF-B189-3618D9E23187}.Debug|Any CPU.ActiveCfg = Debug|Any CPU
		{C8F72F56-95D8-46EF-B189-3618D9E23187}.Debug|Any CPU.Build.0 = Debug|Any CPU
		{C8F72F56-95D8-46EF-B189-3618D9E23187}.Release|Any CPU.ActiveCfg = Release|Any CPU
		{C8F72F56-95D8-46EF-B189-3618D9E23187}.Release|Any CPU.Build.0 = Release|Any CPU
		{C28F654E-C140-4F89-A1D7-7D4B78BA410D}.Debug|Any CPU.ActiveCfg = Debug|Any CPU
		{C28F654E-C140-4F89-A1D7-7D4B78BA410D}.Debug|Any CPU.Build.0 = Debug|Any CPU
		{C28F654E-C140-4F89-A1D7-7D4B78BA410D}.Release|Any CPU.ActiveCfg = Release|Any CPU
		{C28F654E-C140-4F89-A1D7-7D4B78BA410D}.Release|Any CPU.Build.0 = Release|Any CPU
	EndGlobalSection
	GlobalSection(SolutionProperties) = preSolution
		HideSolutionNode = FALSE
	EndGlobalSection
	GlobalSection(ExtensibilityGlobals) = postSolution
		SolutionGuid = {F878FD3D-AF5E-4B80-9697-92F517A0E228}
	EndGlobalSection
EndGlobal
